
Microsoft Visual Studio Solution File, Format Version 12.00
Project("{F2A71F9B-5D33-465A-A702-920D77279786}") = "Spelunking", "Spelunking\Spelunking.fsproj", "{AB3BD19B-C19A-476C-BD0A-F473A8E7AEAF}"
EndProject
Project("{F2A71F9B-5D33-465A-A702-920D77279786}") = "Spelunking.Tests", "Spelunking.Tests\Spelunking.Tests.fsproj", "{CB91D5D3-C2F8-42F3-BB72-43C3302E9C74}"
EndProject
Project("{2150E333-8FDC-42A3-9474-1A3956D46DE8}") = "Solution Items", "Solution Items", "{127AD61A-2FF7-41E2-B3BC-F9525629CB4A}"
	ProjectSection(SolutionItems) = preProject
		README.md = README.md
	EndProjectSection
EndProject
Global
	GlobalSection(SolutionConfigurationPlatforms) = preSolution
		Debug|Any CPU = Debug|Any CPU
		Release|Any CPU = Release|Any CPU
	EndGlobalSection
	GlobalSection(ProjectConfigurationPlatforms) = postSolution
		{AB3BD19B-C19A-476C-BD0A-F473A8E7AEAF}.Debug|Any CPU.ActiveCfg = Debug|Any CPU
		{AB3BD19B-C19A-476C-BD0A-F473A8E7AEAF}.Debug|Any CPU.Build.0 = Debug|Any CPU
		{AB3BD19B-C19A-476C-BD0A-F473A8E7AEAF}.Release|Any CPU.ActiveCfg = Release|Any CPU
		{AB3BD19B-C19A-476C-BD0A-F473A8E7AEAF}.Release|Any CPU.Build.0 = Release|Any CPU
		{CB91D5D3-C2F8-42F3-BB72-43C3302E9C74}.Debug|Any CPU.ActiveCfg = Debug|Any CPU
		{CB91D5D3-C2F8-42F3-BB72-43C3302E9C74}.Debug|Any CPU.Build.0 = Debug|Any CPU
		{CB91D5D3-C2F8-42F3-BB72-43C3302E9C74}.Release|Any CPU.ActiveCfg = Release|Any CPU
		{CB91D5D3-C2F8-42F3-BB72-43C3302E9C74}.Release|Any CPU.Build.0 = Release|Any CPU
	EndGlobalSection
EndGlobal
